{
  "object": {
    "pins": [
      {
        "package": "RedCat",
        "repositoryURL": "https://github.com/AnarchoSystems/RedCat",
        "state": {
          "branch": null,
          "revision": "28c47465454cbe3c41a79f5f94270ffadd301a27",
          "version": "0.5.0"
        }
      },
      {
        "package": "swift-case-paths",
        "repositoryURL": "https://github.com/pointfreeco/swift-case-paths",
        "state": {
          "branch": null,
          "revision": "a313f0cc10e07bb5ce7e2ff5da600cce7efa8e8a",
          "version": "0.2.0"
        }
      }
    ]
  },
  "version": 1
}
