{
  "object": {
    "pins": [
      {
        "package": "RedCat",
        "repositoryURL": "https://github.com/AnarchoSystems/RedCat.git",
        "state": {
          "branch": "main",
          "revision": "8def6fb0ba838c4fe29d9e87f5dc926ee9a6ba6a",
          "version": null
        }
      },
      {
        "package": "swift-case-paths",
        "repositoryURL": "https://github.com/pointfreeco/swift-case-paths.git",
        "state": {
          "branch": "main",
          "revision": "a313f0cc10e07bb5ce7e2ff5da600cce7efa8e8a",
          "version": null
        }
      }
    ]
  },
  "version": 1
}
